
Microsoft Visual Studio Solution File, Format Version 12.00
# Visual Studio Version 17
VisualStudioVersion = 17.11.35312.102
MinimumVisualStudioVersion = 10.0.40219.1
Project("{FAE04EC0-301F-11D3-BF4B-00C04F79EFBC}") = "PB503-task", "PB503-task\PB503-task.csproj", "{4CC8BF8B-E1DE-430A-8B9F-C758ACD283B9}"
EndProject
Global
	GlobalSection(SolutionConfigurationPlatforms) = preSolution
		Debug|Any CPU = Debug|Any CPU
		Release|Any CPU = Release|Any CPU
	EndGlobalSection
	GlobalSection(ProjectConfigurationPlatforms) = postSolution
		{4CC8BF8B-E1DE-430A-8B9F-C758ACD283B9}.Debug|Any CPU.ActiveCfg = Debug|Any CPU
		{4CC8BF8B-E1DE-430A-8B9F-C758ACD283B9}.Debug|Any CPU.Build.0 = Debug|Any CPU
		{4CC8BF8B-E1DE-430A-8B9F-C758ACD283B9}.Release|Any CPU.ActiveCfg = Release|Any CPU
		{4CC8BF8B-E1DE-430A-8B9F-C758ACD283B9}.Release|Any CPU.Build.0 = Release|Any CPU
	EndGlobalSection
	GlobalSection(SolutionProperties) = preSolution
		HideSolutionNode = FALSE
	EndGlobalSection
	GlobalSection(ExtensibilityGlobals) = postSolution
		SolutionGuid = {0D5BCEE3-61FB-4AEA-95A3-CEB554E4D32A}
	EndGlobalSection
EndGlobal
